
Microsoft Visual Studio Solution File, Format Version 12.00
# Visual Studio Version 17
VisualStudioVersion = 17.11.35312.102
MinimumVisualStudioVersion = 10.0.40219.1
Project("{9A19103F-16F7-4668-BE54-9A1E7A4F7556}") = "PrintingApi", "PrintingApi\PrintingApi.csproj", "{A28588A3-1582-4B08-8469-58E41D29D085}"
EndProject
Project("{E53339B2-1760-4266-BCC7-CA923CBCF16C}") = "docker-compose", "docker-compose.dcproj", "{E3439F9C-0294-4556-B770-799498620DFC}"
EndProject
Project("{FAE04EC0-301F-11D3-BF4B-00C04F79EFBC}") = "UnitTests", "UnitTests\UnitTests.csproj", "{9AE2DFCE-F264-4CF4-A6B2-3B56D05F95B1}"
EndProject
Global
	GlobalSection(SolutionConfigurationPlatforms) = preSolution
		Debug|Any CPU = Debug|Any CPU
		Release|Any CPU = Release|Any CPU
	EndGlobalSection
	GlobalSection(ProjectConfigurationPlatforms) = postSolution
		{A28588A3-1582-4B08-8469-58E41D29D085}.Debug|Any CPU.ActiveCfg = Debug|Any CPU
		{A28588A3-1582-4B08-8469-58E41D29D085}.Debug|Any CPU.Build.0 = Debug|Any CPU
		{A28588A3-1582-4B08-8469-58E41D29D085}.Release|Any CPU.ActiveCfg = Release|Any CPU
		{A28588A3-1582-4B08-8469-58E41D29D085}.Release|Any CPU.Build.0 = Release|Any CPU
		{E3439F9C-0294-4556-B770-799498620DFC}.Debug|Any CPU.ActiveCfg = Debug|Any CPU
		{E3439F9C-0294-4556-B770-799498620DFC}.Debug|Any CPU.Build.0 = Debug|Any CPU
		{E3439F9C-0294-4556-B770-799498620DFC}.Release|Any CPU.ActiveCfg = Release|Any CPU
		{E3439F9C-0294-4556-B770-799498620DFC}.Release|Any CPU.Build.0 = Release|Any CPU
		{9AE2DFCE-F264-4CF4-A6B2-3B56D05F95B1}.Debug|Any CPU.ActiveCfg = Debug|Any CPU
		{9AE2DFCE-F264-4CF4-A6B2-3B56D05F95B1}.Debug|Any CPU.Build.0 = Debug|Any CPU
		{9AE2DFCE-F264-4CF4-A6B2-3B56D05F95B1}.Release|Any CPU.ActiveCfg = Release|Any CPU
		{9AE2DFCE-F264-4CF4-A6B2-3B56D05F95B1}.Release|Any CPU.Build.0 = Release|Any CPU
	EndGlobalSection
	GlobalSection(SolutionProperties) = preSolution
		HideSolutionNode = FALSE
	EndGlobalSection
	GlobalSection(ExtensibilityGlobals) = postSolution
		SolutionGuid = {7CDB9428-CA1C-49B3-AC5A-949EFD1E6CB1}
	EndGlobalSection
EndGlobal
